# Generated by pub
# See https://dart.dev/tools/pub/glossary#lockfile
packages:
  archive:
    dependency: transitive
    description:
      name: archive
      sha256: d6347d54a2d8028e0437e3c099f66fdb8ae02c4720c1e7534c9f24c10351f85d
      url: "https://pub.dev"
    source: hosted
    version: "3.3.6"
  args:
    dependency: transitive
    description:
      name: args
      sha256: "139d809800a412ebb26a3892da228b2d0ba36f0ef5d9a82166e5e52ec8d61611"
      url: "https://pub.dev"
    source: hosted
    version: "2.3.2"
  asn1lib:
    dependency: transitive
    description:
      name: asn1lib
      sha256: ab96a1cb3beeccf8145c52e449233fe68364c9641623acd3adad66f8184f1039
      url: "https://pub.dev"
    source: hosted
    version: "1.4.0"
  async:
    dependency: transitive
    description:
      name: async
      sha256: bfe67ef28df125b7dddcea62755991f807aa39a2492a23e1550161692950bbe0
      url: "https://pub.dev"
    source: hosted
    version: "2.10.0"
  awesome_dialog:
    dependency: "direct main"
    description:
      name: awesome_dialog
      sha256: ac08268b991f228fc6b8880b68ec030d2941bcc8df8b6a6551fb79f2bd36b7da
      url: "https://pub.dev"
    source: hosted
    version: "3.0.2"
  badges:
    dependency: "direct main"
    description:
      name: badges
      sha256: "727580d938b7a1ff47ea42df730d581415606b4224cfa708671c10287f8d3fe6"
      url: "https://pub.dev"
    source: hosted
    version: "2.0.3"
  blue_thermal_printer:
    dependency: "direct main"
    description:
      name: blue_thermal_printer
      sha256: "2b8a93f90be335494d2172dbc869c31b95638087f89591b4ad69fd9305eaf80b"
      url: "https://pub.dev"
    source: hosted
    version: "1.2.3"
  boolean_selector:
    dependency: transitive
    description:
      name: boolean_selector
      sha256: "6cfb5af12253eaf2b368f07bacc5a80d1301a071c73360d746b7f2e32d762c66"
      url: "https://pub.dev"
    source: hosted
    version: "2.1.1"
  cached_network_image:
    dependency: "direct main"
    description:
      name: cached_network_image
      sha256: fd3d0dc1d451f9a252b32d95d3f0c3c487bc41a75eba2e6097cb0b9c71491b15
      url: "https://pub.dev"
    source: hosted
    version: "3.2.3"
  cached_network_image_platform_interface:
    dependency: transitive
    description:
      name: cached_network_image_platform_interface
      sha256: bb2b8403b4ccdc60ef5f25c70dead1f3d32d24b9d6117cfc087f496b178594a7
      url: "https://pub.dev"
    source: hosted
    version: "2.0.0"
  cached_network_image_web:
    dependency: transitive
    description:
      name: cached_network_image_web
      sha256: b8eb814ebfcb4dea049680f8c1ffb2df399e4d03bf7a352c775e26fa06e02fa0
      url: "https://pub.dev"
    source: hosted
    version: "1.0.2"
  cbor:
    dependency: transitive
    description:
      name: cbor
      sha256: "1e0094d5f034c9dfc23f46cf8f8550da1d537c6f5c4ca196a7e02de80d7bbd55"
      url: "https://pub.dev"
    source: hosted
    version: "4.1.0"
  characters:
    dependency: transitive
    description:
      name: characters
      sha256: e6a326c8af69605aec75ed6c187d06b349707a27fbff8222ca9cc2cff167975c
      url: "https://pub.dev"
    source: hosted
    version: "1.2.1"
  clock:
    dependency: transitive
    description:
      name: clock
      sha256: cb6d7f03e1de671e34607e909a7213e31d7752be4fb66a86d29fe1eb14bfb5cf
      url: "https://pub.dev"
    source: hosted
    version: "1.1.1"
  codecamp_onepay:
    dependency: "direct main"
    description:
      name: codecamp_onepay
      sha256: "399a9402829025ba4333c365f147b3d69026684989188c6d754a370997b9d01b"
      url: "https://pub.dev"
    source: hosted
    version: "1.0.0"
  collection:
    dependency: transitive
    description:
      name: collection
      sha256: cfc915e6923fe5ce6e153b0723c753045de46de1b4d63771530504004a45fae0
      url: "https://pub.dev"
    source: hosted
    version: "1.17.0"
  connectivity_plus:
    dependency: "direct main"
    description:
      name: connectivity_plus
      sha256: "745ebcccb1ef73768386154428a55250bc8d44059c19fd27aecda2a6dc013a22"
      url: "https://pub.dev"
    source: hosted
    version: "3.0.2"
  connectivity_plus_platform_interface:
    dependency: transitive
    description:
      name: connectivity_plus_platform_interface
      sha256: b8795b9238bf83b64375f63492034cb3d8e222af4d9ce59dda085edf038fa06f
      url: "https://pub.dev"
    source: hosted
    version: "1.2.3"
  convert:
    dependency: transitive
    description:
      name: convert
      sha256: "0f08b14755d163f6e2134cb58222dd25ea2a2ee8a195e53983d57c075324d592"
      url: "https://pub.dev"
    source: hosted
    version: "3.1.1"
  cool_alert:
    dependency: "direct main"
    description:
      name: cool_alert
      sha256: "48a0b6c04914b6dc7e8d7eaccf2adf21bace6533a3eda0aeb412e0d7a03dc00a"
      url: "https://pub.dev"
    source: hosted
    version: "1.1.0"
  crypto:
    dependency: "direct main"
    description:
      name: crypto
      sha256: aa274aa7774f8964e4f4f38cc994db7b6158dd36e9187aaceaddc994b35c6c67
      url: "https://pub.dev"
    source: hosted
    version: "3.0.2"
  csslib:
    dependency: transitive
    description:
      name: csslib
      sha256: b36c7f7e24c0bdf1bf9a3da461c837d1de64b9f8beb190c9011d8c72a3dfd745
      url: "https://pub.dev"
    source: hosted
    version: "0.17.2"
  cupertino_icons:
    dependency: "direct main"
    description:
      name: cupertino_icons
      sha256: e35129dc44c9118cee2a5603506d823bab99c68393879edb440e0090d07586be
      url: "https://pub.dev"
    source: hosted
    version: "1.0.5"
  dbus:
    dependency: transitive
    description:
      name: dbus
      sha256: "6f07cba3f7b3448d42d015bfd3d53fe12e5b36da2423f23838efc1d5fb31a263"
      url: "https://pub.dev"
    source: hosted
    version: "0.7.8"
  device_info_plus:
    dependency: "direct main"
    description:
      name: device_info_plus
      sha256: b809c4ed5f7fcdb325ccc70b80ad934677dc4e2aa414bf46859a42bfdfafcbb6
      url: "https://pub.dev"
    source: hosted
    version: "4.1.3"
  device_info_plus_linux:
    dependency: transitive
    description:
      name: device_info_plus_linux
      sha256: "77a8b3c4af06bc46507f89304d9f49dfc64b4ae004b994532ed23b34adeae4b3"
      url: "https://pub.dev"
    source: hosted
    version: "3.0.0"
  device_info_plus_macos:
    dependency: transitive
    description:
      name: device_info_plus_macos
      sha256: "37961762fbd46d3620c7b69ca606671014db55fc1b7a11e696fd90ed2e8fe03d"
      url: "https://pub.dev"
    source: hosted
    version: "3.0.0"
  device_info_plus_platform_interface:
    dependency: transitive
    description:
      name: device_info_plus_platform_interface
      sha256: "83fdba24fcf6846d3b10f10dfdc8b6c6d7ada5f8ed21d62ea2909c2dfa043773"
      url: "https://pub.dev"
    source: hosted
    version: "3.0.0"
  device_info_plus_web:
    dependency: transitive
    description:
      name: device_info_plus_web
      sha256: "5890f6094df108181c7a29720bc23d0fd6159f17d82787fac093d1fefcaf6325"
      url: "https://pub.dev"
    source: hosted
    version: "3.0.0"
  device_info_plus_windows:
    dependency: transitive
    description:
      name: device_info_plus_windows
      sha256: "23a2874af0e23ee6e3a2a0ebcecec3a9da13241f2cb93a93a44c8764df123dd7"
      url: "https://pub.dev"
    source: hosted
    version: "4.1.0"
  devla_sunmi:
    dependency: "direct main"
    description:
      name: devla_sunmi
      sha256: "198e1e00656116ff1a602a58eeff054ed6a1c7a4b6b89ebc3573ef63754c89db"
      url: "https://pub.dev"
    source: hosted
    version: "2.0.2"
  dio:
    dependency: "direct main"
    description:
      name: dio
      sha256: "7d328c4d898a61efc3cd93655a0955858e29a0aa647f0f9e02d59b3bb275e2e8"
      url: "https://pub.dev"
    source: hosted
    version: "4.0.6"
  encrypt:
    dependency: transitive
    description:
      name: encrypt
      sha256: "4fd4e4fdc21b9d7d4141823e1e6515cd94e7b8d84749504c232999fba25d9bbb"
      url: "https://pub.dev"
    source: hosted
    version: "5.0.1"
  esc_pos_bluetooth:
    dependency: "direct main"
    description:
      name: esc_pos_bluetooth
      sha256: "46455b48afeeb5eabdfdde59697e0328247df6537f6d5e8d8f6664975e886e4b"
      url: "https://pub.dev"
    source: hosted
    version: "0.4.1"
  esc_pos_utils:
    dependency: "direct main"
    description:
      name: esc_pos_utils
      sha256: "8ec0013d7a7f1e790ced6b09b95ce3bf2c6f9468a3e2bc49ece000761d86c6f8"
      url: "https://pub.dev"
    source: hosted
    version: "1.1.0"
  fading_edge_scrollview:
    dependency: transitive
    description:
      name: fading_edge_scrollview
      sha256: c25c2231652ce774cc31824d0112f11f653881f43d7f5302c05af11942052031
      url: "https://pub.dev"
    source: hosted
    version: "3.0.0"
  fake_async:
    dependency: transitive
    description:
      name: fake_async
      sha256: "511392330127add0b769b75a987850d136345d9227c6b94c96a04cf4a391bf78"
      url: "https://pub.dev"
    source: hosted
    version: "1.3.1"
  ffi:
    dependency: transitive
    description:
      name: ffi
      sha256: a38574032c5f1dd06c4aee541789906c12ccaab8ba01446e800d9c5b79c4a978
      url: "https://pub.dev"
    source: hosted
    version: "2.0.1"
  file:
    dependency: transitive
    description:
      name: file
      sha256: "1b92bec4fc2a72f59a8e15af5f52cd441e4a7860b49499d69dfa817af20e925d"
      url: "https://pub.dev"
    source: hosted
    version: "6.1.4"
  flare_flutter:
    dependency: transitive
    description:
      name: flare_flutter
      sha256: "99d63c60f00fac81249ce6410ee015d7b125c63d8278a30da81edf3317a1f6a0"
      url: "https://pub.dev"
    source: hosted
    version: "3.0.2"
  flutter:
    dependency: "direct main"
    description: flutter
    source: sdk
    version: "0.0.0"
  flutter_bluetooth_basic:
    dependency: transitive
    description:
      name: flutter_bluetooth_basic
      sha256: e81a2c5e9340660b4832831b33d9f3c1f1b098c8f924bc1dafef9702c5985921
      url: "https://pub.dev"
    source: hosted
    version: "0.1.7"
  flutter_blurhash:
    dependency: transitive
    description:
      name: flutter_blurhash
      sha256: "05001537bd3fac7644fa6558b09ec8c0a3f2eba78c0765f88912882b1331a5c6"
      url: "https://pub.dev"
    source: hosted
    version: "0.7.0"
  flutter_cache_manager:
    dependency: transitive
    description:
      name: flutter_cache_manager
      sha256: "32cd900555219333326a2d0653aaaf8671264c29befa65bbd9856d204a4c9fb3"
      url: "https://pub.dev"
    source: hosted
    version: "3.3.0"
  flutter_launcher_icons:
    dependency: "direct main"
    description:
      name: flutter_launcher_icons
      sha256: "559c600f056e7c704bd843723c21e01b5fba47e8824bd02422165bcc02a5de1d"
      url: "https://pub.dev"
    source: hosted
    version: "0.9.3"
  flutter_lints:
    dependency: "direct dev"
    description:
      name: flutter_lints
      sha256: aeb0b80a8b3709709c9cc496cdc027c5b3216796bc0af0ce1007eaf24464fd4c
      url: "https://pub.dev"
    source: hosted
    version: "2.0.1"
  flutter_native_splash:
    dependency: "direct dev"
    description:
      name: flutter_native_splash
      sha256: "6777a3abb974021a39b5fdd2d46a03ca390e03903b6351f21d10e7ecc969f12d"
      url: "https://pub.dev"
    source: hosted
    version: "2.2.16"
  flutter_screenutil:
    dependency: "direct main"
    description:
      name: flutter_screenutil
      sha256: "8e049ecdc1a62c90e6bf0e9c8398ace8dde81b92889c70cfe06281d79d59113a"
      url: "https://pub.dev"
    source: hosted
    version: "5.6.1"
  flutter_spinkit:
    dependency: "direct main"
    description:
      name: flutter_spinkit
      sha256: "77a2117c0517ff909221f3160b8eb20052ab5216107581168af574ac1f05dff8"
      url: "https://pub.dev"
    source: hosted
    version: "5.1.0"
  flutter_test:
    dependency: "direct dev"
    description: flutter
    source: sdk
    version: "0.0.0"
  flutter_web_plugins:
    dependency: transitive
    description: flutter
    source: sdk
    version: "0.0.0"
  form_data:
    dependency: transitive
    description:
      name: form_data
      sha256: "33fcc5b356ec75f4698653479c4e3880ba88fe2b39b235ccdaacdc2d9a54d758"
      url: "https://pub.dev"
    source: hosted
    version: "1.0.0-nullsafety.1"
  form_field_validator:
    dependency: "direct main"
    description:
      name: form_field_validator
      sha256: c1fc6c89b5525288c02fe989a88c6f30bb6072da4f9dded17a04cf68c4abfb87
      url: "https://pub.dev"
    source: hosted
    version: "1.1.0"
  gbk_codec:
    dependency: transitive
    description:
      name: gbk_codec
      sha256: "3af5311fc9393115e3650ae6023862adf998051a804a08fb804f042724999f61"
      url: "https://pub.dev"
    source: hosted
    version: "0.4.0"
  get:
    dependency: "direct main"
    description:
      name: get
      sha256: "2ba20a47c8f1f233bed775ba2dd0d3ac97b4cf32fc17731b3dfc672b06b0e92a"
      url: "https://pub.dev"
    source: hosted
    version: "4.6.5"
  get_ip_address:
    dependency: "direct main"
    description:
      name: get_ip_address
      sha256: "50265edb9b1c917a29c741f3173c0dca34d8e0fc2984aed87c58f0269bf93f29"
      url: "https://pub.dev"
    source: hosted
    version: "0.0.5"
  google_nav_bar:
    dependency: "direct main"
    description:
      name: google_nav_bar
      sha256: "1c8e3882fa66ee7b74c24320668276ca23affbd58f0b14a24c1e5590f4d07ab0"
      url: "https://pub.dev"
    source: hosted
    version: "5.0.6"
  graphs:
    dependency: transitive
    description:
      name: graphs
      sha256: f9e130f3259f52d26f0cfc0e964513796dafed572fa52e45d2f8d6ca14db39b2
      url: "https://pub.dev"
    source: hosted
    version: "2.2.0"
  hex:
    dependency: transitive
    description:
      name: hex
      sha256: "4e7cd54e4b59ba026432a6be2dd9d96e4c5205725194997193bf871703b82c4a"
      url: "https://pub.dev"
    source: hosted
    version: "0.2.0"
  html:
    dependency: transitive
    description:
      name: html
      sha256: d9793e10dbe0e6c364f4c59bf3e01fb33a9b2a674bc7a1081693dba0614b6269
      url: "https://pub.dev"
    source: hosted
    version: "0.15.1"
  http:
    dependency: "direct dev"
    description:
      name: http
      sha256: "6aa2946395183537c8b880962d935877325d6a09a2867c3970c05c0fed6ac482"
      url: "https://pub.dev"
    source: hosted
    version: "0.13.5"
  http_parser:
    dependency: transitive
    description:
      name: http_parser
      sha256: "2aa08ce0341cc9b354a498388e30986515406668dbcc4f7c950c3e715496693b"
      url: "https://pub.dev"
    source: hosted
    version: "4.0.2"
  image:
    dependency: transitive
    description:
      name: image
      sha256: "8e9d133755c3e84c73288363e6343157c383a0c6c56fc51afcc5d4d7180306d6"
      url: "https://pub.dev"
    source: hosted
    version: "3.3.0"
  intl:
    dependency: "direct main"
    description:
      name: intl
      sha256: "910f85bce16fb5c6f614e117efa303e85a1731bb0081edf3604a2ae6e9a3cc91"
      url: "https://pub.dev"
    source: hosted
    version: "0.17.0"
  js:
    dependency: transitive
    description:
      name: js
      sha256: "5528c2f391ededb7775ec1daa69e65a2d61276f7552de2b5f7b8d34ee9fd4ab7"
      url: "https://pub.dev"
    source: hosted
    version: "0.6.5"
  json_annotation:
    dependency: transitive
    description:
      name: json_annotation
      sha256: c33da08e136c3df0190bd5bbe51ae1df4a7d96e7954d1d7249fea2968a72d317
      url: "https://pub.dev"
    source: hosted
    version: "4.8.0"
  jwt_decode:
    dependency: "direct main"
    description:
      name: jwt_decode
      sha256: d2e9f68c052b2225130977429d30f187aa1981d789c76ad104a32243cfdebfbb
      url: "https://pub.dev"
    source: hosted
    version: "0.3.1"
  jwt_decoder:
    dependency: "direct main"
    description:
      name: jwt_decoder
      sha256: "54774aebf83f2923b99e6416b4ea915d47af3bde56884eb622de85feabbc559f"
      url: "https://pub.dev"
    source: hosted
    version: "2.0.1"
  like_button:
    dependency: "direct main"
    description:
      name: like_button
      sha256: "08e6a45b78888412df5d351786c550205ad3a677e72a0820d5bbc0b063c8a463"
      url: "https://pub.dev"
    source: hosted
    version: "2.0.5"
  lints:
    dependency: transitive
    description:
      name: lints
      sha256: "5e4a9cd06d447758280a8ac2405101e0e2094d2a1dbdd3756aec3fe7775ba593"
      url: "https://pub.dev"
    source: hosted
    version: "2.0.1"
  lite_rolling_switch:
    dependency: "direct main"
    description:
      name: lite_rolling_switch
      sha256: "1e1866d49c49f67139139853421586b4450dac822f61e4c1d9f4244fe431ab6e"
      url: "https://pub.dev"
    source: hosted
    version: "1.0.0"
  lottie:
    dependency: transitive
    description:
      name: lottie
      sha256: "893da7a0022ec2fcaa616f34529a081f617e86cc501105b856e5a3184c58c7c2"
      url: "https://pub.dev"
    source: hosted
    version: "1.4.3"
  marquee:
    dependency: "direct main"
    description:
      name: marquee
      sha256: "4b5243d2804373bdc25fc93d42c3b402d6ec1f4ee8d0bb72276edd04ae7addb8"
      url: "https://pub.dev"
    source: hosted
    version: "2.2.3"
  matcher:
    dependency: transitive
    description:
      name: matcher
      sha256: c94db23593b89766cda57aab9ac311e3616cf87c6fa4e9749df032f66f30dcb8
      url: "https://pub.dev"
    source: hosted
    version: "0.12.14"
  material_color_utilities:
    dependency: transitive
    description:
      name: material_color_utilities
      sha256: d92141dc6fe1dad30722f9aa826c7fbc896d021d792f80678280601aff8cf724
      url: "https://pub.dev"
    source: hosted
    version: "0.2.0"
  material_design_icons_flutter:
    dependency: "direct main"
    description:
      name: material_design_icons_flutter
      sha256: "8c54c21cf336052193559abc64715e4885d6c9220a6dbdfc561a087266cc5385"
      url: "https://pub.dev"
    source: hosted
    version: "5.0.6996"
  meta:
    dependency: transitive
    description:
      name: meta
      sha256: "6c268b42ed578a53088d834796959e4a1814b5e9e164f147f580a386e5decf42"
      url: "https://pub.dev"
    source: hosted
    version: "1.8.0"
  nested:
    dependency: transitive
    description:
      name: nested
      sha256: "03bac4c528c64c95c722ec99280375a6f2fc708eec17c7b3f07253b626cd2a20"
      url: "https://pub.dev"
    source: hosted
    version: "1.0.0"
  nm:
    dependency: transitive
    description:
      name: nm
      sha256: "2c9aae4127bdc8993206464fcc063611e0e36e72018696cd9631023a31b24254"
      url: "https://pub.dev"
    source: hosted
    version: "0.5.0"
  octo_image:
    dependency: transitive
    description:
      name: octo_image
      sha256: "107f3ed1330006a3bea63615e81cf637433f5135a52466c7caa0e7152bca9143"
      url: "https://pub.dev"
    source: hosted
    version: "1.0.2"
  path:
    dependency: transitive
    description:
      name: path
      sha256: "8829d8a55c13fc0e37127c29fedf290c102f4e40ae94ada574091fe0ff96c917"
      url: "https://pub.dev"
    source: hosted
    version: "1.8.3"
  path_provider:
    dependency: transitive
    description:
      name: path_provider
      sha256: dcea5feb97d8abf90cab9e9030b497fb7c3cbf26b7a1fe9e3ef7dcb0a1ddec95
      url: "https://pub.dev"
    source: hosted
    version: "2.0.12"
  path_provider_android:
    dependency: transitive
    description:
      name: path_provider_android
      sha256: a776c088d671b27f6e3aa8881d64b87b3e80201c64e8869b811325de7a76c15e
      url: "https://pub.dev"
    source: hosted
    version: "2.0.22"
  path_provider_foundation:
    dependency: transitive
    description:
      name: path_provider_foundation
      sha256: "62a68e7e1c6c459f9289859e2fae58290c981ce21d1697faf54910fe1faa4c74"
      url: "https://pub.dev"
    source: hosted
    version: "2.1.1"
  path_provider_linux:
    dependency: transitive
    description:
      name: path_provider_linux
      sha256: ab0987bf95bc591da42dffb38c77398fc43309f0b9b894dcc5d6f40c4b26c379
      url: "https://pub.dev"
    source: hosted
    version: "2.1.7"
  path_provider_platform_interface:
    dependency: transitive
    description:
      name: path_provider_platform_interface
      sha256: f0abc8ebd7253741f05488b4813d936b4d07c6bae3e86148a09e342ee4b08e76
      url: "https://pub.dev"
    source: hosted
    version: "2.0.5"
  path_provider_windows:
    dependency: transitive
    description:
      name: path_provider_windows
      sha256: bcabbe399d4042b8ee687e17548d5d3f527255253b4a639f5f8d2094a9c2b45c
      url: "https://pub.dev"
    source: hosted
    version: "2.1.3"
  pattern_formatter:
    dependency: "direct main"
    description:
      name: pattern_formatter
      sha256: c488f1d1e3bbb0b90ec21abd50a891feb89857c4755cdcd81a75525e89c78121
      url: "https://pub.dev"
    source: hosted
    version: "2.0.0"
  pedantic:
    dependency: transitive
    description:
      name: pedantic
      sha256: "67fc27ed9639506c856c840ccce7594d0bdcd91bc8d53d6e52359449a1d50602"
      url: "https://pub.dev"
    source: hosted
    version: "1.11.1"
  petitparser:
    dependency: transitive
    description:
      name: petitparser
      sha256: "49392a45ced973e8d94a85fdb21293fbb40ba805fc49f2965101ae748a3683b4"
      url: "https://pub.dev"
    source: hosted
    version: "5.1.0"
  pie_chart:
    dependency: "direct main"
    description:
      name: pie_chart
      sha256: "5dba6d0eb4718e8ed00a9079361cd8947c3f84ac5a5d76f05a27f4ec5e27589e"
      url: "https://pub.dev"
    source: hosted
    version: "5.3.2"
  platform:
    dependency: transitive
    description:
      name: platform
      sha256: "4a451831508d7d6ca779f7ac6e212b4023dd5a7d08a27a63da33756410e32b76"
      url: "https://pub.dev"
    source: hosted
    version: "3.1.0"
  plugin_platform_interface:
    dependency: transitive
    description:
      name: plugin_platform_interface
      sha256: dbf0f707c78beedc9200146ad3cb0ab4d5da13c246336987be6940f026500d3a
      url: "https://pub.dev"
    source: hosted
    version: "2.1.3"
  pointycastle:
    dependency: transitive
    description:
      name: pointycastle
      sha256: db7306cf0249f838d1a24af52b5a5887c5bf7f31d8bb4e827d071dc0939ad346
      url: "https://pub.dev"
    source: hosted
    version: "3.6.2"
  pool:
    dependency: transitive
    description:
      name: pool
      sha256: "20fe868b6314b322ea036ba325e6fc0711a22948856475e2c2b6306e8ab39c2a"
      url: "https://pub.dev"
    source: hosted
    version: "1.5.1"
  process:
    dependency: transitive
    description:
      name: process
      sha256: "53fd8db9cec1d37b0574e12f07520d582019cb6c44abf5479a01505099a34a09"
      url: "https://pub.dev"
    source: hosted
    version: "4.2.4"
  provider:
    dependency: "direct main"
    description:
      name: provider
      sha256: cdbe7530b12ecd9eb455bdaa2fcb8d4dad22e80b8afb4798b41479d5ce26847f
      url: "https://pub.dev"
    source: hosted
    version: "6.0.5"
  pubnub:
    dependency: transitive
    description:
      name: pubnub
      sha256: "6091b9cab3b2563e8caea4e1b049580f736bff3107d9c58514ffbf579dc27c55"
      url: "https://pub.dev"
    source: hosted
    version: "4.2.2"
  qr:
    dependency: transitive
    description:
      name: qr
      sha256: "5c4208b4dc0d55c3184d10d83ee0ded6212dc2b5e2ba17c5a0c0aab279128d21"
      url: "https://pub.dev"
    source: hosted
    version: "2.1.0"
  qr_flutter:
    dependency: "direct main"
    description:
      name: qr_flutter
      sha256: c5c121c54cb6dd837b9b9d57eb7bc7ec6df4aee741032060c8833a678c80b87e
      url: "https://pub.dev"
    source: hosted
    version: "4.0.0"
  rive:
    dependency: transitive
    description:
      name: rive
      sha256: "22e3755b75f4ea4492d2fecf4fc2acf1c8d0073df39781d290a20cbfe74c3760"
      url: "https://pub.dev"
    source: hosted
    version: "0.9.1"
  rxdart:
    dependency: transitive
    description:
      name: rxdart
      sha256: "2ef8b4e91cb3b55d155e0e34eeae0ac7107974e451495c955ac04ddee8cc21fd"
      url: "https://pub.dev"
    source: hosted
    version: "0.26.0"
  shared_preferences:
    dependency: "direct main"
    description:
      name: shared_preferences
      sha256: "5949029e70abe87f75cfe59d17bf5c397619c4b74a099b10116baeb34786fad9"
      url: "https://pub.dev"
    source: hosted
    version: "2.0.17"
  shared_preferences_android:
    dependency: transitive
    description:
      name: shared_preferences_android
      sha256: "955e9736a12ba776bdd261cf030232b30eadfcd9c79b32a3250dd4a494e8c8f7"
      url: "https://pub.dev"
    source: hosted
    version: "2.0.15"
  shared_preferences_foundation:
    dependency: transitive
    description:
      name: shared_preferences_foundation
      sha256: "2b55c18636a4edc529fa5cd44c03d3f3100c00513f518c5127c951978efcccd0"
      url: "https://pub.dev"
    source: hosted
    version: "2.1.3"
  shared_preferences_linux:
    dependency: transitive
    description:
      name: shared_preferences_linux
      sha256: f8ea038aa6da37090093974ebdcf4397010605fd2ff65c37a66f9d28394cb874
      url: "https://pub.dev"
    source: hosted
    version: "2.1.3"
  shared_preferences_platform_interface:
    dependency: transitive
    description:
      name: shared_preferences_platform_interface
      sha256: da9431745ede5ece47bc26d5d73a9d3c6936ef6945c101a5aca46f62e52c1cf3
      url: "https://pub.dev"
    source: hosted
    version: "2.1.0"
  shared_preferences_web:
    dependency: transitive
    description:
      name: shared_preferences_web
      sha256: a4b5bc37fe1b368bbc81f953197d55e12f49d0296e7e412dfe2d2d77d6929958
      url: "https://pub.dev"
    source: hosted
    version: "2.0.4"
  shared_preferences_windows:
    dependency: transitive
    description:
      name: shared_preferences_windows
      sha256: "5eaf05ae77658d3521d0e993ede1af962d4b326cd2153d312df716dc250f00c9"
      url: "https://pub.dev"
    source: hosted
    version: "2.1.3"
  sky_engine:
    dependency: transitive
    description: flutter
    source: sdk
    version: "0.0.99"
  sliding_up_panel:
    dependency: "direct main"
    description:
      name: sliding_up_panel
      sha256: "578e90956a6212d1e406373250b2436a0f3afece29aee3c24c8360094d6cf968"
      url: "https://pub.dev"
    source: hosted
    version: "2.0.0+1"
  source_span:
    dependency: transitive
    description:
      name: source_span
      sha256: dd904f795d4b4f3b870833847c461801f6750a9fa8e61ea5ac53f9422b31f250
      url: "https://pub.dev"
    source: hosted
    version: "1.9.1"
  sqflite:
    dependency: "direct main"
    description:
      name: sqflite
      sha256: "78324387dc81df14f78df06019175a86a2ee0437624166c382e145d0a7fd9a4f"
      url: "https://pub.dev"
    source: hosted
    version: "2.2.4+1"
  sqflite_common:
    dependency: transitive
    description:
      name: sqflite_common
      sha256: bfd6973aaeeb93475bc0d875ac9aefddf7965ef22ce09790eb963992ffc5183f
      url: "https://pub.dev"
    source: hosted
    version: "2.4.2+2"
  stack_trace:
    dependency: transitive
    description:
      name: stack_trace
      sha256: c3c7d8edb15bee7f0f74debd4b9c5f3c2ea86766fe4178eb2a18eb30a0bdaed5
      url: "https://pub.dev"
    source: hosted
    version: "1.11.0"
  stream_channel:
    dependency: transitive
    description:
      name: stream_channel
      sha256: "83615bee9045c1d322bbbd1ba209b7a749c2cbcdcb3fdd1df8eb488b3279c1c8"
      url: "https://pub.dev"
    source: hosted
    version: "2.1.1"
  string_scanner:
    dependency: transitive
    description:
      name: string_scanner
      sha256: "556692adab6cfa87322a115640c11f13cb77b3f076ddcc5d6ae3c20242bedcde"
      url: "https://pub.dev"
    source: hosted
    version: "1.2.0"
  synchronized:
    dependency: transitive
    description:
      name: synchronized
      sha256: "33b31b6beb98100bf9add464a36a8dd03eb10c7a8cf15aeec535e9b054aaf04b"
      url: "https://pub.dev"
    source: hosted
    version: "3.0.1"
  term_glyph:
    dependency: transitive
    description:
      name: term_glyph
      sha256: a29248a84fbb7c79282b40b8c72a1209db169a2e0542bce341da992fe1bc7e84
      url: "https://pub.dev"
    source: hosted
    version: "1.2.1"
  test_api:
    dependency: transitive
    description:
      name: test_api
      sha256: c9282698e2982b6c3817037554e52f99d4daba493e8028f8112a83d68ccd0b12
      url: "https://pub.dev"
    source: hosted
    version: "0.4.17"
  typed_data:
    dependency: transitive
    description:
      name: typed_data
      sha256: "26f87ade979c47a150c9eaab93ccd2bebe70a27dc0b4b29517f2904f04eb11a5"
      url: "https://pub.dev"
    source: hosted
    version: "1.3.1"
  universal_io:
    dependency: transitive
    description:
      name: universal_io
      sha256: "79f78ddad839ee3aae3ec7c01eb4575faf0d5c860f8e5223bc9f9c17f7f03cef"
      url: "https://pub.dev"
    source: hosted
    version: "2.0.4"
  uuid:
    dependency: transitive
    description:
      name: uuid
      sha256: "648e103079f7c64a36dc7d39369cabb358d377078a051d6ae2ad3aa539519313"
      url: "https://pub.dev"
    source: hosted
    version: "3.0.7"
  vector_math:
    dependency: transitive
    description:
      name: vector_math
      sha256: "80b3257d1492ce4d091729e3a67a60407d227c27241d6927be0130c98e741803"
      url: "https://pub.dev"
    source: hosted
    version: "2.1.4"
  win32:
    dependency: transitive
    description:
      name: win32
      sha256: c9ebe7ee4ab0c2194e65d3a07d8c54c5d00bb001b76081c4a04cdb8448b59e46
      url: "https://pub.dev"
    source: hosted
    version: "3.1.3"
  xdg_directories:
    dependency: transitive
    description:
      name: xdg_directories
      sha256: bd512f03919aac5f1313eb8249f223bacf4927031bf60b02601f81f687689e86
      url: "https://pub.dev"
    source: hosted
    version: "0.2.0+3"
  xml:
    dependency: transitive
    description:
      name: xml
      sha256: "979ee37d622dec6365e2efa4d906c37470995871fe9ae080d967e192d88286b5"
      url: "https://pub.dev"
    source: hosted
    version: "6.2.2"
  yaml:
    dependency: transitive
    description:
      name: yaml
      sha256: "23812a9b125b48d4007117254bca50abb6c712352927eece9e155207b1db2370"
      url: "https://pub.dev"
    source: hosted
    version: "3.1.1"
sdks:
  dart: ">=2.18.0 <4.0.0"
  flutter: ">=3.3.0"
